
Microsoft Visual Studio Solution File, Format Version 12.00
# Visual Studio Version 16
VisualStudioVersion = 16.0.29911.84
MinimumVisualStudioVersion = 10.0.40219.1
Project("{FAE04EC0-301F-11D3-BF4B-00C04F79EFBC}") = "OptimizeDataIndexing", "OptimizeDataIndexing/OptimizeDataIndexing.csproj", "{8CDA1C1A-61C8-4DC5-A79A-83F10467AC71}"
EndProject
Global
	GlobalSection(SolutionConfigurationPlatforms) = preSolution
		Debug|Any CPU = Debug|Any CPU
		Release|Any CPU = Release|Any CPU
	EndGlobalSection
	GlobalSection(ProjectConfigurationPlatforms) = postSolution
		{8CDA1C1A-61C8-4DC5-A79A-83F10467AC71}.Debug|Any CPU.ActiveCfg = Debug|Any CPU
		{8CDA1C1A-61C8-4DC5-A79A-83F10467AC71}.Debug|Any CPU.Build.0 = Debug|Any CPU
		{8CDA1C1A-61C8-4DC5-A79A-83F10467AC71}.Release|Any CPU.ActiveCfg = Release|Any CPU
		{8CDA1C1A-61C8-4DC5-A79A-83F10467AC71}.Release|Any CPU.Build.0 = Release|Any CPU
	EndGlobalSection
	GlobalSection(SolutionProperties) = preSolution
		HideSolutionNode = FALSE
	EndGlobalSection
	GlobalSection(ExtensibilityGlobals) = postSolution
		SolutionGuid = {C63BDE8A-EB08-4EF7-BB49-0790E6B9FB86}
	EndGlobalSection
EndGlobal
