
Microsoft Visual Studio Solution File, Format Version 12.00
# Visual Studio Version 16
VisualStudioVersion = 16.0.30011.22
MinimumVisualStudioVersion = 10.0.40219.1
Project("{FAE04EC0-301F-11D3-BF4B-00C04F79EFBC}") = "tutorial-ai-enrichment", "tutorial-ai-enrichment.csproj", "{594A347D-72E6-4A57-A3F2-5F884DFFAF41}"
EndProject
Global
	GlobalSection(SolutionConfigurationPlatforms) = preSolution
		Debug|Any CPU = Debug|Any CPU
		Release|Any CPU = Release|Any CPU
	EndGlobalSection
	GlobalSection(ProjectConfigurationPlatforms) = postSolution
		{594A347D-72E6-4A57-A3F2-5F884DFFAF41}.Debug|Any CPU.ActiveCfg = Debug|Any CPU
		{594A347D-72E6-4A57-A3F2-5F884DFFAF41}.Debug|Any CPU.Build.0 = Debug|Any CPU
		{594A347D-72E6-4A57-A3F2-5F884DFFAF41}.Release|Any CPU.ActiveCfg = Release|Any CPU
		{594A347D-72E6-4A57-A3F2-5F884DFFAF41}.Release|Any CPU.Build.0 = Release|Any CPU
	EndGlobalSection
	GlobalSection(SolutionProperties) = preSolution
		HideSolutionNode = FALSE
	EndGlobalSection
	GlobalSection(ExtensibilityGlobals) = postSolution
		SolutionGuid = {6A2F868C-6637-4510-8500-AA399B9CF1DF}
	EndGlobalSection
EndGlobal
