
Microsoft Visual Studio Solution File, Format Version 12.00
# Visual Studio 15
VisualStudioVersion = 15.0.28307.572
MinimumVisualStudioVersion = 10.0.40219.1
Project("{FAE04EC0-301F-11D3-BF4B-00C04F79EFBC}") = "FacetNav", "FacetNav\FacetNav.csproj", "{5300526C-1AB4-488A-80CF-E2EFFD43BDA9}"
EndProject
Global
	GlobalSection(SolutionConfigurationPlatforms) = preSolution
		Debug|Any CPU = Debug|Any CPU
		Release|Any CPU = Release|Any CPU
	EndGlobalSection
	GlobalSection(ProjectConfigurationPlatforms) = postSolution
		{5300526C-1AB4-488A-80CF-E2EFFD43BDA9}.Debug|Any CPU.ActiveCfg = Debug|Any CPU
		{5300526C-1AB4-488A-80CF-E2EFFD43BDA9}.Debug|Any CPU.Build.0 = Debug|Any CPU
		{5300526C-1AB4-488A-80CF-E2EFFD43BDA9}.Release|Any CPU.ActiveCfg = Release|Any CPU
		{5300526C-1AB4-488A-80CF-E2EFFD43BDA9}.Release|Any CPU.Build.0 = Release|Any CPU
	EndGlobalSection
	GlobalSection(SolutionProperties) = preSolution
		HideSolutionNode = FALSE
	EndGlobalSection
	GlobalSection(ExtensibilityGlobals) = postSolution
		SolutionGuid = {9D344313-AED5-4B0C-AB2D-AB5EBE0E7C84}
	EndGlobalSection
EndGlobal
