
Microsoft Visual Studio Solution File, Format Version 12.00
# Visual Studio 15
VisualStudioVersion = 15.0.28307.572
MinimumVisualStudioVersion = 10.0.40219.1
Project("{FAE04EC0-301F-11D3-BF4B-00C04F79EFBC}") = "OrderResults", "OrderResults\OrderResults.csproj", "{06ACDCCF-3F65-42B6-B704-A36435609719}"
EndProject
Global
	GlobalSection(SolutionConfigurationPlatforms) = preSolution
		Debug|Any CPU = Debug|Any CPU
		Release|Any CPU = Release|Any CPU
	EndGlobalSection
	GlobalSection(ProjectConfigurationPlatforms) = postSolution
		{06ACDCCF-3F65-42B6-B704-A36435609719}.Debug|Any CPU.ActiveCfg = Debug|Any CPU
		{06ACDCCF-3F65-42B6-B704-A36435609719}.Debug|Any CPU.Build.0 = Debug|Any CPU
		{06ACDCCF-3F65-42B6-B704-A36435609719}.Release|Any CPU.ActiveCfg = Release|Any CPU
		{06ACDCCF-3F65-42B6-B704-A36435609719}.Release|Any CPU.Build.0 = Release|Any CPU
	EndGlobalSection
	GlobalSection(SolutionProperties) = preSolution
		HideSolutionNode = FALSE
	EndGlobalSection
	GlobalSection(ExtensibilityGlobals) = postSolution
		SolutionGuid = {B591325A-FBB3-424D-A70B-0F2F0F15A3DA}
	EndGlobalSection
EndGlobal
