
Microsoft Visual Studio Solution File, Format Version 12.00
# Visual Studio 15
VisualStudioVersion = 15.0.28307.572
MinimumVisualStudioVersion = 10.0.40219.1
Project("{FAE04EC0-301F-11D3-BF4B-00C04F79EFBC}") = "NumberedPaging", "NumberedPaging\NumberedPaging.csproj", "{FE8A9712-BD28-4C9E-8255-3EBFED5C41DE}"
EndProject
Global
	GlobalSection(SolutionConfigurationPlatforms) = preSolution
		Debug|Any CPU = Debug|Any CPU
		Release|Any CPU = Release|Any CPU
	EndGlobalSection
	GlobalSection(ProjectConfigurationPlatforms) = postSolution
		{FE8A9712-BD28-4C9E-8255-3EBFED5C41DE}.Debug|Any CPU.ActiveCfg = Debug|Any CPU
		{FE8A9712-BD28-4C9E-8255-3EBFED5C41DE}.Debug|Any CPU.Build.0 = Debug|Any CPU
		{FE8A9712-BD28-4C9E-8255-3EBFED5C41DE}.Release|Any CPU.ActiveCfg = Release|Any CPU
		{FE8A9712-BD28-4C9E-8255-3EBFED5C41DE}.Release|Any CPU.Build.0 = Release|Any CPU
	EndGlobalSection
	GlobalSection(SolutionProperties) = preSolution
		HideSolutionNode = FALSE
	EndGlobalSection
	GlobalSection(ExtensibilityGlobals) = postSolution
		SolutionGuid = {B33E7AAF-4DF2-443F-8AA7-59F6466C20FA}
	EndGlobalSection
EndGlobal
