
Microsoft Visual Studio Solution File, Format Version 12.00
# Visual Studio 15
VisualStudioVersion = 15.0.28307.572
MinimumVisualStudioVersion = 10.0.40219.1
Project("{FAE04EC0-301F-11D3-BF4B-00C04F79EFBC}") = "InfiniteScroll", "InfiniteScroll\InfiniteScroll.csproj", "{33BBA1D1-1BC2-4AA1-8CAB-59E8AB498647}"
EndProject
Global
	GlobalSection(SolutionConfigurationPlatforms) = preSolution
		Debug|Any CPU = Debug|Any CPU
		Release|Any CPU = Release|Any CPU
	EndGlobalSection
	GlobalSection(ProjectConfigurationPlatforms) = postSolution
		{33BBA1D1-1BC2-4AA1-8CAB-59E8AB498647}.Debug|Any CPU.ActiveCfg = Debug|Any CPU
		{33BBA1D1-1BC2-4AA1-8CAB-59E8AB498647}.Debug|Any CPU.Build.0 = Debug|Any CPU
		{33BBA1D1-1BC2-4AA1-8CAB-59E8AB498647}.Release|Any CPU.ActiveCfg = Release|Any CPU
		{33BBA1D1-1BC2-4AA1-8CAB-59E8AB498647}.Release|Any CPU.Build.0 = Release|Any CPU
	EndGlobalSection
	GlobalSection(SolutionProperties) = preSolution
		HideSolutionNode = FALSE
	EndGlobalSection
	GlobalSection(ExtensibilityGlobals) = postSolution
		SolutionGuid = {68D21A70-8C52-4B14-9B59-B9D3A025539F}
	EndGlobalSection
EndGlobal
