
Microsoft Visual Studio Solution File, Format Version 12.00
# Visual Studio Version 17
VisualStudioVersion = 17.5.002.0
MinimumVisualStudioVersion = 10.0.40219.1
Project("{9A19103F-16F7-4668-BE54-9A1E7A4F7556}") = "azure-search-function", "api\azure-search-function.csproj", "{29161A83-B26A-4737-A62F-8A2B422C3CCF}"
EndProject
Project("{9A19103F-16F7-4668-BE54-9A1E7A4F7556}") = "BulkInsert", "bulk-insert\BulkInsert.csproj", "{7E25553E-34AA-406F-BC40-38F10E03C600}"
EndProject
Global
	GlobalSection(SolutionConfigurationPlatforms) = preSolution
		Debug|Any CPU = Debug|Any CPU
		Release|Any CPU = Release|Any CPU
	EndGlobalSection
	GlobalSection(ProjectConfigurationPlatforms) = postSolution
		{29161A83-B26A-4737-A62F-8A2B422C3CCF}.Debug|Any CPU.ActiveCfg = Debug|Any CPU
		{29161A83-B26A-4737-A62F-8A2B422C3CCF}.Debug|Any CPU.Build.0 = Debug|Any CPU
		{29161A83-B26A-4737-A62F-8A2B422C3CCF}.Release|Any CPU.ActiveCfg = Release|Any CPU
		{29161A83-B26A-4737-A62F-8A2B422C3CCF}.Release|Any CPU.Build.0 = Release|Any CPU
		{7E25553E-34AA-406F-BC40-38F10E03C600}.Debug|Any CPU.ActiveCfg = Debug|Any CPU
		{7E25553E-34AA-406F-BC40-38F10E03C600}.Debug|Any CPU.Build.0 = Debug|Any CPU
		{7E25553E-34AA-406F-BC40-38F10E03C600}.Release|Any CPU.ActiveCfg = Release|Any CPU
		{7E25553E-34AA-406F-BC40-38F10E03C600}.Release|Any CPU.Build.0 = Release|Any CPU
	EndGlobalSection
	GlobalSection(SolutionProperties) = preSolution
		HideSolutionNode = FALSE
	EndGlobalSection
	GlobalSection(ExtensibilityGlobals) = postSolution
		SolutionGuid = {E28633ED-0639-4FAB-A84F-4697656ACE48}
	EndGlobalSection
EndGlobal
