
Microsoft Visual Studio Solution File, Format Version 12.00
# Visual Studio 15
VisualStudioVersion = 15.0.28307.572
MinimumVisualStudioVersion = 10.0.40219.1
Project("{FAE04EC0-301F-11D3-BF4B-00C04F79EFBC}") = "FirstAzureSearchApp_Paging", "FirstAzureSearchApp_Paging\FirstAzureSearchApp_Paging.csproj", "{804BF57B-2C23-4EF6-B04F-589960FE077C}"
EndProject
Global
	GlobalSection(SolutionConfigurationPlatforms) = preSolution
		Debug|Any CPU = Debug|Any CPU
		Release|Any CPU = Release|Any CPU
	EndGlobalSection
	GlobalSection(ProjectConfigurationPlatforms) = postSolution
		{804BF57B-2C23-4EF6-B04F-589960FE077C}.Debug|Any CPU.ActiveCfg = Debug|Any CPU
		{804BF57B-2C23-4EF6-B04F-589960FE077C}.Debug|Any CPU.Build.0 = Debug|Any CPU
		{804BF57B-2C23-4EF6-B04F-589960FE077C}.Release|Any CPU.ActiveCfg = Release|Any CPU
		{804BF57B-2C23-4EF6-B04F-589960FE077C}.Release|Any CPU.Build.0 = Release|Any CPU
	EndGlobalSection
	GlobalSection(SolutionProperties) = preSolution
		HideSolutionNode = FALSE
	EndGlobalSection
	GlobalSection(ExtensibilityGlobals) = postSolution
		SolutionGuid = {971FA560-6A63-4EA8-B6B9-34B98B5ABC99}
	EndGlobalSection
EndGlobal
