
Microsoft Visual Studio Solution File, Format Version 12.00
# Visual Studio 15
VisualStudioVersion = 15.0.28307.645
MinimumVisualStudioVersion = 10.0.40219.1
Project("{FAE04EC0-301F-11D3-BF4B-00C04F79EFBC}") = "AzureSearchQuickstart", "AzureSearchQuickstart\AzureSearchQuickstart.csproj", "{5D42AB3C-4035-4E81-8DA6-D3226A789B8E}"
EndProject
Global
	GlobalSection(SolutionConfigurationPlatforms) = preSolution
		Debug|Any CPU = Debug|Any CPU
		Release|Any CPU = Release|Any CPU
	EndGlobalSection
	GlobalSection(ProjectConfigurationPlatforms) = postSolution
		{5D42AB3C-4035-4E81-8DA6-D3226A789B8E}.Debug|Any CPU.ActiveCfg = Debug|Any CPU
		{5D42AB3C-4035-4E81-8DA6-D3226A789B8E}.Debug|Any CPU.Build.0 = Debug|Any CPU
		{5D42AB3C-4035-4E81-8DA6-D3226A789B8E}.Release|Any CPU.ActiveCfg = Release|Any CPU
		{5D42AB3C-4035-4E81-8DA6-D3226A789B8E}.Release|Any CPU.Build.0 = Release|Any CPU
	EndGlobalSection
	GlobalSection(SolutionProperties) = preSolution
		HideSolutionNode = FALSE
	EndGlobalSection
	GlobalSection(ExtensibilityGlobals) = postSolution
		SolutionGuid = {B59E523E-33FF-43E6-B050-47F22F57D0E2}
	EndGlobalSection
EndGlobal
