
Microsoft Visual Studio Solution File, Format Version 12.00
# Visual Studio Version 16
VisualStudioVersion = 16.0.30320.27
MinimumVisualStudioVersion = 10.0.40219.1
Project("{FAE04EC0-301F-11D3-BF4B-00C04F79EFBC}") = "AzureSearchQuickstart-v11", "AzureSearchQuickstart-v11.csproj", "{FDC028F2-D7EF-45FA-BEF1-08C1B3116795}"
EndProject
Global
	GlobalSection(SolutionConfigurationPlatforms) = preSolution
		Debug|Any CPU = Debug|Any CPU
		Release|Any CPU = Release|Any CPU
	EndGlobalSection
	GlobalSection(ProjectConfigurationPlatforms) = postSolution
		{FDC028F2-D7EF-45FA-BEF1-08C1B3116795}.Debug|Any CPU.ActiveCfg = Debug|Any CPU
		{FDC028F2-D7EF-45FA-BEF1-08C1B3116795}.Debug|Any CPU.Build.0 = Debug|Any CPU
		{FDC028F2-D7EF-45FA-BEF1-08C1B3116795}.Release|Any CPU.ActiveCfg = Release|Any CPU
		{FDC028F2-D7EF-45FA-BEF1-08C1B3116795}.Release|Any CPU.Build.0 = Release|Any CPU
	EndGlobalSection
	GlobalSection(SolutionProperties) = preSolution
		HideSolutionNode = FALSE
	EndGlobalSection
	GlobalSection(ExtensibilityGlobals) = postSolution
		SolutionGuid = {1EF45E59-C067-4EAD-AB53-78FEABF53ED0}
	EndGlobalSection
EndGlobal
