
Microsoft Visual Studio Solution File, Format Version 12.00
# Visual Studio 15
VisualStudioVersion = 15.0.28307.572
MinimumVisualStudioVersion = 10.0.40219.1
Project("{FAE04EC0-301F-11D3-BF4B-00C04F79EFBC}") = "Typeahead", "Typeahead\Typeahead.csproj", "{8498911A-16DC-45A7-A694-BE9A55BFF495}"
EndProject
Global
	GlobalSection(SolutionConfigurationPlatforms) = preSolution
		Debug|Any CPU = Debug|Any CPU
		Release|Any CPU = Release|Any CPU
	EndGlobalSection
	GlobalSection(ProjectConfigurationPlatforms) = postSolution
		{8498911A-16DC-45A7-A694-BE9A55BFF495}.Debug|Any CPU.ActiveCfg = Debug|Any CPU
		{8498911A-16DC-45A7-A694-BE9A55BFF495}.Debug|Any CPU.Build.0 = Debug|Any CPU
		{8498911A-16DC-45A7-A694-BE9A55BFF495}.Release|Any CPU.ActiveCfg = Release|Any CPU
		{8498911A-16DC-45A7-A694-BE9A55BFF495}.Release|Any CPU.Build.0 = Release|Any CPU
	EndGlobalSection
	GlobalSection(SolutionProperties) = preSolution
		HideSolutionNode = FALSE
	EndGlobalSection
	GlobalSection(ExtensibilityGlobals) = postSolution
		SolutionGuid = {85F94BDE-FE24-4EE0-ACFD-FEE3E3A232C8}
	EndGlobalSection
EndGlobal
