
Microsoft Visual Studio Solution File, Format Version 12.00
# Visual Studio Version 17
VisualStudioVersion = 17.14.36301.6 d17.14
MinimumVisualStudioVersion = 10.0.40219.1
Project("{FAE04EC0-301F-11D3-BF4B-00C04F79EFBC}") = "tutorial-ai-enrichment", "tutorial-ai-enrichment\tutorial-ai-enrichment.csproj", "{7252441E-9F00-9AB9-2A6B-1920ED830B20}"
EndProject
Global
	GlobalSection(SolutionConfigurationPlatforms) = preSolution
		Debug|Any CPU = Debug|Any CPU
		Release|Any CPU = Release|Any CPU
	EndGlobalSection
	GlobalSection(ProjectConfigurationPlatforms) = postSolution
		{7252441E-9F00-9AB9-2A6B-1920ED830B20}.Debug|Any CPU.ActiveCfg = Debug|Any CPU
		{7252441E-9F00-9AB9-2A6B-1920ED830B20}.Debug|Any CPU.Build.0 = Debug|Any CPU
		{7252441E-9F00-9AB9-2A6B-1920ED830B20}.Release|Any CPU.ActiveCfg = Release|Any CPU
		{7252441E-9F00-9AB9-2A6B-1920ED830B20}.Release|Any CPU.Build.0 = Release|Any CPU
	EndGlobalSection
	GlobalSection(SolutionProperties) = preSolution
		HideSolutionNode = FALSE
	EndGlobalSection
	GlobalSection(ExtensibilityGlobals) = postSolution
		SolutionGuid = {065B6A51-D2C9-46D7-97E2-83F9BBA98187}
	EndGlobalSection
EndGlobal
