
Microsoft Visual Studio Solution File, Format Version 12.00
# Visual Studio 15
VisualStudioVersion = 15.0.28307.572
MinimumVisualStudioVersion = 10.0.40219.1
Project("{FAE04EC0-301F-11D3-BF4B-00C04F79EFBC}") = "FacetNav", "FacetNav\FacetNav.csproj", "{5B705C97-A71B-4F93-B70B-B313153BD733}"
EndProject
Global
	GlobalSection(SolutionConfigurationPlatforms) = preSolution
		Debug|Any CPU = Debug|Any CPU
		Release|Any CPU = Release|Any CPU
	EndGlobalSection
	GlobalSection(ProjectConfigurationPlatforms) = postSolution
		{5B705C97-A71B-4F93-B70B-B313153BD733}.Debug|Any CPU.ActiveCfg = Debug|Any CPU
		{5B705C97-A71B-4F93-B70B-B313153BD733}.Debug|Any CPU.Build.0 = Debug|Any CPU
		{5B705C97-A71B-4F93-B70B-B313153BD733}.Release|Any CPU.ActiveCfg = Release|Any CPU
		{5B705C97-A71B-4F93-B70B-B313153BD733}.Release|Any CPU.Build.0 = Release|Any CPU
	EndGlobalSection
	GlobalSection(SolutionProperties) = preSolution
		HideSolutionNode = FALSE
	EndGlobalSection
	GlobalSection(ExtensibilityGlobals) = postSolution
		SolutionGuid = {C228F888-C97D-4DC4-87E9-216EA5B7A28B}
	EndGlobalSection
EndGlobal
