
Microsoft Visual Studio Solution File, Format Version 12.00
# Visual Studio Version 17
VisualStudioVersion = 17.4.33403.182
MinimumVisualStudioVersion = 10.0.40219.1
Project("{FAE04EC0-301F-11D3-BF4B-00C04F79EFBC}") = "SearchPagingNew", "SearchPagingNew\SearchPagingNew.csproj", "{ED19DED8-C716-4BD0-837A-2EBEAF6EEB07}"
EndProject
Global
	GlobalSection(SolutionConfigurationPlatforms) = preSolution
		Debug|Any CPU = Debug|Any CPU
		Release|Any CPU = Release|Any CPU
	EndGlobalSection
	GlobalSection(ProjectConfigurationPlatforms) = postSolution
		{ED19DED8-C716-4BD0-837A-2EBEAF6EEB07}.Debug|Any CPU.ActiveCfg = Debug|Any CPU
		{ED19DED8-C716-4BD0-837A-2EBEAF6EEB07}.Debug|Any CPU.Build.0 = Debug|Any CPU
		{ED19DED8-C716-4BD0-837A-2EBEAF6EEB07}.Release|Any CPU.ActiveCfg = Release|Any CPU
		{ED19DED8-C716-4BD0-837A-2EBEAF6EEB07}.Release|Any CPU.Build.0 = Release|Any CPU
	EndGlobalSection
	GlobalSection(SolutionProperties) = preSolution
		HideSolutionNode = FALSE
	EndGlobalSection
	GlobalSection(ExtensibilityGlobals) = postSolution
		SolutionGuid = {DCCD9B73-2265-4795-97F8-80AA92320BA1}
	EndGlobalSection
EndGlobal
