
Microsoft Visual Studio Solution File, Format Version 12.00
# Visual Studio Version 17
VisualStudioVersion = 17.14.36203.30 d17.14
MinimumVisualStudioVersion = 10.0.40219.1
Project("{FAE04EC0-301F-11D3-BF4B-00C04F79EFBC}") = "AzureSearchQuickstart", "AzureSearchQuickstart.csproj", "{F7A69DEE-EFF4-36B2-34DA-67D7E7FFC433}"
EndProject
Global
	GlobalSection(SolutionConfigurationPlatforms) = preSolution
		Debug|Any CPU = Debug|Any CPU
		Release|Any CPU = Release|Any CPU
	EndGlobalSection
	GlobalSection(ProjectConfigurationPlatforms) = postSolution
		{F7A69DEE-EFF4-36B2-34DA-67D7E7FFC433}.Debug|Any CPU.ActiveCfg = Debug|Any CPU
		{F7A69DEE-EFF4-36B2-34DA-67D7E7FFC433}.Debug|Any CPU.Build.0 = Debug|Any CPU
		{F7A69DEE-EFF4-36B2-34DA-67D7E7FFC433}.Release|Any CPU.ActiveCfg = Release|Any CPU
		{F7A69DEE-EFF4-36B2-34DA-67D7E7FFC433}.Release|Any CPU.Build.0 = Release|Any CPU
	EndGlobalSection
	GlobalSection(SolutionProperties) = preSolution
		HideSolutionNode = FALSE
	EndGlobalSection
	GlobalSection(ExtensibilityGlobals) = postSolution
		SolutionGuid = {3DBD36C7-F642-48DD-B798-6C67F9A8C309}
	EndGlobalSection
EndGlobal
