
Microsoft Visual Studio Solution File, Format Version 12.00
# Visual Studio 15
VisualStudioVersion = 15.0.28307.572
MinimumVisualStudioVersion = 10.0.40219.1
Project("{9A19103F-16F7-4668-BE54-9A1E7A4F7556}") = "FirstAzureSearchApp_InfiniteScroll", "FirstAzureSearchApp_InfiniteScroll\FirstAzureSearchApp_InfiniteScroll.csproj", "{D392DF94-6DF8-49F2-B48C-47E50D93088B}"
EndProject
Global
	GlobalSection(SolutionConfigurationPlatforms) = preSolution
		Debug|Any CPU = Debug|Any CPU
		Release|Any CPU = Release|Any CPU
	EndGlobalSection
	GlobalSection(ProjectConfigurationPlatforms) = postSolution
		{D392DF94-6DF8-49F2-B48C-47E50D93088B}.Debug|Any CPU.ActiveCfg = Debug|Any CPU
		{D392DF94-6DF8-49F2-B48C-47E50D93088B}.Debug|Any CPU.Build.0 = Debug|Any CPU
		{D392DF94-6DF8-49F2-B48C-47E50D93088B}.Release|Any CPU.ActiveCfg = Release|Any CPU
		{D392DF94-6DF8-49F2-B48C-47E50D93088B}.Release|Any CPU.Build.0 = Release|Any CPU
	EndGlobalSection
	GlobalSection(SolutionProperties) = preSolution
		HideSolutionNode = FALSE
	EndGlobalSection
	GlobalSection(ExtensibilityGlobals) = postSolution
		SolutionGuid = {C39694BD-3366-4979-9DBE-51060CC3ABBE}
	EndGlobalSection
EndGlobal
