
Microsoft Visual Studio Solution File, Format Version 12.00
# Visual Studio 15
VisualStudioVersion = 15.0.28307.572
MinimumVisualStudioVersion = 10.0.40219.1
Project("{FAE04EC0-301F-11D3-BF4B-00C04F79EFBC}") = "FirstAzureSearchApp", "FirstAzureSearchApp\FirstAzureSearchApp.csproj", "{F532E63C-9D73-4211-8AD3-BC31DBEEA8CF}"
EndProject
Global
	GlobalSection(SolutionConfigurationPlatforms) = preSolution
		Debug|Any CPU = Debug|Any CPU
		Release|Any CPU = Release|Any CPU
	EndGlobalSection
	GlobalSection(ProjectConfigurationPlatforms) = postSolution
		{F532E63C-9D73-4211-8AD3-BC31DBEEA8CF}.Debug|Any CPU.ActiveCfg = Debug|Any CPU
		{F532E63C-9D73-4211-8AD3-BC31DBEEA8CF}.Debug|Any CPU.Build.0 = Debug|Any CPU
		{F532E63C-9D73-4211-8AD3-BC31DBEEA8CF}.Release|Any CPU.ActiveCfg = Release|Any CPU
		{F532E63C-9D73-4211-8AD3-BC31DBEEA8CF}.Release|Any CPU.Build.0 = Release|Any CPU
	EndGlobalSection
	GlobalSection(SolutionProperties) = preSolution
		HideSolutionNode = FALSE
	EndGlobalSection
	GlobalSection(ExtensibilityGlobals) = postSolution
		SolutionGuid = {512EF632-7BA6-41BF-AB5A-30478B624C4A}
	EndGlobalSection
EndGlobal
