
Microsoft Visual Studio Solution File, Format Version 12.00
# Visual Studio 15
VisualStudioVersion = 15.0.28307.572
MinimumVisualStudioVersion = 10.0.40219.1
Project("{FAE04EC0-301F-11D3-BF4B-00C04F79EFBC}") = "FacetTypeahead", "FacetTypeahead\FacetTypeahead.csproj", "{52E1FEAD-7E58-4C25-A475-8DC2F5C55303}"
EndProject
Global
	GlobalSection(SolutionConfigurationPlatforms) = preSolution
		Debug|Any CPU = Debug|Any CPU
		Release|Any CPU = Release|Any CPU
	EndGlobalSection
	GlobalSection(ProjectConfigurationPlatforms) = postSolution
		{52E1FEAD-7E58-4C25-A475-8DC2F5C55303}.Debug|Any CPU.ActiveCfg = Debug|Any CPU
		{52E1FEAD-7E58-4C25-A475-8DC2F5C55303}.Debug|Any CPU.Build.0 = Debug|Any CPU
		{52E1FEAD-7E58-4C25-A475-8DC2F5C55303}.Release|Any CPU.ActiveCfg = Release|Any CPU
		{52E1FEAD-7E58-4C25-A475-8DC2F5C55303}.Release|Any CPU.Build.0 = Release|Any CPU
	EndGlobalSection
	GlobalSection(SolutionProperties) = preSolution
		HideSolutionNode = FALSE
	EndGlobalSection
	GlobalSection(ExtensibilityGlobals) = postSolution
		SolutionGuid = {5D5C0514-6908-4AEB-9927-F13AE2534642}
	EndGlobalSection
EndGlobal
