
Microsoft Visual Studio Solution File, Format Version 12.00
# Visual Studio 15
VisualStudioVersion = 15.0.28307.645
MinimumVisualStudioVersion = 10.0.40219.1
Project("{9A19103F-16F7-4668-BE54-9A1E7A4F7556}") = "AzureSearchQuickstart", "azure-search-quickstart\AzureSearchQuickstart.csproj", "{2CB4614B-712C-4062-B620-F621C69080C7}"
EndProject
Global
	GlobalSection(SolutionConfigurationPlatforms) = preSolution
		Debug|Any CPU = Debug|Any CPU
		Release|Any CPU = Release|Any CPU
	EndGlobalSection
	GlobalSection(ProjectConfigurationPlatforms) = postSolution
		{2CB4614B-712C-4062-B620-F621C69080C7}.Debug|Any CPU.ActiveCfg = Debug|Any CPU
		{2CB4614B-712C-4062-B620-F621C69080C7}.Debug|Any CPU.Build.0 = Debug|Any CPU
		{2CB4614B-712C-4062-B620-F621C69080C7}.Release|Any CPU.ActiveCfg = Release|Any CPU
		{2CB4614B-712C-4062-B620-F621C69080C7}.Release|Any CPU.Build.0 = Release|Any CPU
	EndGlobalSection
	GlobalSection(SolutionProperties) = preSolution
		HideSolutionNode = FALSE
	EndGlobalSection
	GlobalSection(ExtensibilityGlobals) = postSolution
		SolutionGuid = {84355996-071A-4242-8258-FAA7728C97FF}
	EndGlobalSection
EndGlobal
