
Microsoft Visual Studio Solution File, Format Version 12.00
# Visual Studio Version 17
VisualStudioVersion = 17.4.33403.182
MinimumVisualStudioVersion = 10.0.40219.1
Project("{FAE04EC0-301F-11D3-BF4B-00C04F79EFBC}") = "FirstAzureSearchApp", "FirstAzureSearchApp\FirstAzureSearchApp.csproj", "{DCB64C2A-88F2-44BA-A578-0EF569AAD772}"
EndProject
Global
	GlobalSection(SolutionConfigurationPlatforms) = preSolution
		Debug|Any CPU = Debug|Any CPU
		Release|Any CPU = Release|Any CPU
	EndGlobalSection
	GlobalSection(ProjectConfigurationPlatforms) = postSolution
		{DCB64C2A-88F2-44BA-A578-0EF569AAD772}.Debug|Any CPU.ActiveCfg = Debug|Any CPU
		{DCB64C2A-88F2-44BA-A578-0EF569AAD772}.Debug|Any CPU.Build.0 = Debug|Any CPU
		{DCB64C2A-88F2-44BA-A578-0EF569AAD772}.Release|Any CPU.ActiveCfg = Release|Any CPU
		{DCB64C2A-88F2-44BA-A578-0EF569AAD772}.Release|Any CPU.Build.0 = Release|Any CPU
	EndGlobalSection
	GlobalSection(SolutionProperties) = preSolution
		HideSolutionNode = FALSE
	EndGlobalSection
	GlobalSection(ExtensibilityGlobals) = postSolution
		SolutionGuid = {0229A982-4BB6-4D1D-B6AA-1E9EB36A2774}
	EndGlobalSection
EndGlobal
