
Microsoft Visual Studio Solution File, Format Version 12.00
# Visual Studio Version 17
VisualStudioVersion = 17.4.33403.182
MinimumVisualStudioVersion = 10.0.40219.1
Project("{FAE04EC0-301F-11D3-BF4B-00C04F79EFBC}") = "HotelDemoApp", "HotelDemoApp\HotelDemoApp.csproj", "{6DBD44C7-9073-4174-9F91-E7A192A244FE}"
EndProject
Global
	GlobalSection(SolutionConfigurationPlatforms) = preSolution
		Debug|Any CPU = Debug|Any CPU
		Release|Any CPU = Release|Any CPU
	EndGlobalSection
	GlobalSection(ProjectConfigurationPlatforms) = postSolution
		{6DBD44C7-9073-4174-9F91-E7A192A244FE}.Debug|Any CPU.ActiveCfg = Debug|Any CPU
		{6DBD44C7-9073-4174-9F91-E7A192A244FE}.Debug|Any CPU.Build.0 = Debug|Any CPU
		{6DBD44C7-9073-4174-9F91-E7A192A244FE}.Release|Any CPU.ActiveCfg = Release|Any CPU
		{6DBD44C7-9073-4174-9F91-E7A192A244FE}.Release|Any CPU.Build.0 = Release|Any CPU
	EndGlobalSection
	GlobalSection(SolutionProperties) = preSolution
		HideSolutionNode = FALSE
	EndGlobalSection
	GlobalSection(ExtensibilityGlobals) = postSolution
		SolutionGuid = {DE20F1FB-C42E-4758-8133-926CA8FAFE60}
	EndGlobalSection
EndGlobal
